
Microsoft Visual Studio Solution File, Format Version 12.00
# Visual Studio Version 17
VisualStudioVersion = 17.6.33829.357
MinimumVisualStudioVersion = 10.0.40219.1
Project("{8BC9CEB8-8B4A-11D0-8D11-00A0C91BC942}") = "MailReceiver", "MailReceiver\MailReceiver.vcxproj", "{F212BD12-75A1-4135-8A86-DE7F5661B77C}"
EndProject
Project("{8BC9CEB8-8B4A-11D0-8D11-00A0C91BC942}") = "MailSender", "MailSender\MailSender.vcxproj", "{33CC7822-FCD0-4331-9A12-4837FA621E34}"
EndProject
Project("{8BC9CEB8-8B4A-11D0-8D11-00A0C91BC942}") = "User1", "User1\User1.vcxproj", "{0BB19E9C-8B8A-442C-8F07-D7AC1DB84B73}"
EndProject
Project("{8BC9CEB8-8B4A-11D0-8D11-00A0C91BC942}") = "User2", "User2\User2.vcxproj", "{D35E7FC6-2EAD-4D92-AE2E-6F96347DE849}"
EndProject
Project("{2150E333-8FDC-42A3-9474-1A3956D46DE8}") = "MailSlot", "MailSlot", "{F519CB3D-D724-481E-8E91-FFC5387EC133}"
EndProject
Project("{2150E333-8FDC-42A3-9474-1A3956D46DE8}") = "KerObjState", "KerObjState", "{5E02496B-2A0E-40AD-9F22-C8FF4C6241E3}"
EndProject
Project("{8BC9CEB8-8B4A-11D0-8D11-00A0C91BC942}") = "PartAdder", "PartAdder\PartAdder.vcxproj", "{A5917F0A-4D3B-4AF3-A5BA-21AE4108273F}"
EndProject
Project("{8BC9CEB8-8B4A-11D0-8D11-00A0C91BC942}") = "NonStopAdderManager", "NonStopAdderManager\NonStopAdderManager.vcxproj", "{20B3FD6D-660F-4C75-941C-95FE27E0E352}"
EndProject
Project("{8BC9CEB8-8B4A-11D0-8D11-00A0C91BC942}") = "AdderManager", "AdderManager\AdderManager.vcxproj", "{F63C155C-9E9B-4ECA-BD93-B28D8EF9122A}"
EndProject
Global
	GlobalSection(SolutionConfigurationPlatforms) = preSolution
		Debug|x64 = Debug|x64
		Debug|x86 = Debug|x86
		Release|x64 = Release|x64
		Release|x86 = Release|x86
	EndGlobalSection
	GlobalSection(ProjectConfigurationPlatforms) = postSolution
		{F212BD12-75A1-4135-8A86-DE7F5661B77C}.Debug|x64.ActiveCfg = Debug|x64
		{F212BD12-75A1-4135-8A86-DE7F5661B77C}.Debug|x64.Build.0 = Debug|x64
		{F212BD12-75A1-4135-8A86-DE7F5661B77C}.Debug|x86.ActiveCfg = Debug|Win32
		{F212BD12-75A1-4135-8A86-DE7F5661B77C}.Debug|x86.Build.0 = Debug|Win32
		{F212BD12-75A1-4135-8A86-DE7F5661B77C}.Release|x64.ActiveCfg = Release|x64
		{F212BD12-75A1-4135-8A86-DE7F5661B77C}.Release|x64.Build.0 = Release|x64
		{F212BD12-75A1-4135-8A86-DE7F5661B77C}.Release|x86.ActiveCfg = Release|Win32
		{F212BD12-75A1-4135-8A86-DE7F5661B77C}.Release|x86.Build.0 = Release|Win32
		{33CC7822-FCD0-4331-9A12-4837FA621E34}.Debug|x64.ActiveCfg = Debug|x64
		{33CC7822-FCD0-4331-9A12-4837FA621E34}.Debug|x64.Build.0 = Debug|x64
		{33CC7822-FCD0-4331-9A12-4837FA621E34}.Debug|x86.ActiveCfg = Debug|Win32
		{33CC7822-FCD0-4331-9A12-4837FA621E34}.Debug|x86.Build.0 = Debug|Win32
		{33CC7822-FCD0-4331-9A12-4837FA621E34}.Release|x64.ActiveCfg = Release|x64
		{33CC7822-FCD0-4331-9A12-4837FA621E34}.Release|x64.Build.0 = Release|x64
		{33CC7822-FCD0-4331-9A12-4837FA621E34}.Release|x86.ActiveCfg = Release|Win32
		{33CC7822-FCD0-4331-9A12-4837FA621E34}.Release|x86.Build.0 = Release|Win32
		{0BB19E9C-8B8A-442C-8F07-D7AC1DB84B73}.Debug|x64.ActiveCfg = Debug|x64
		{0BB19E9C-8B8A-442C-8F07-D7AC1DB84B73}.Debug|x64.Build.0 = Debug|x64
		{0BB19E9C-8B8A-442C-8F07-D7AC1DB84B73}.Debug|x86.ActiveCfg = Debug|Win32
		{0BB19E9C-8B8A-442C-8F07-D7AC1DB84B73}.Debug|x86.Build.0 = Debug|Win32
		{0BB19E9C-8B8A-442C-8F07-D7AC1DB84B73}.Release|x64.ActiveCfg = Release|x64
		{0BB19E9C-8B8A-442C-8F07-D7AC1DB84B73}.Release|x64.Build.0 = Release|x64
		{0BB19E9C-8B8A-442C-8F07-D7AC1DB84B73}.Release|x86.ActiveCfg = Release|Win32
		{0BB19E9C-8B8A-442C-8F07-D7AC1DB84B73}.Release|x86.Build.0 = Release|Win32
		{D35E7FC6-2EAD-4D92-AE2E-6F96347DE849}.Debug|x64.ActiveCfg = Debug|x64
		{D35E7FC6-2EAD-4D92-AE2E-6F96347DE849}.Debug|x64.Build.0 = Debug|x64
		{D35E7FC6-2EAD-4D92-AE2E-6F96347DE849}.Debug|x86.ActiveCfg = Debug|Win32
		{D35E7FC6-2EAD-4D92-AE2E-6F96347DE849}.Debug|x86.Build.0 = Debug|Win32
		{D35E7FC6-2EAD-4D92-AE2E-6F96347DE849}.Release|x64.ActiveCfg = Release|x64
		{D35E7FC6-2EAD-4D92-AE2E-6F96347DE849}.Release|x64.Build.0 = Release|x64
		{D35E7FC6-2EAD-4D92-AE2E-6F96347DE849}.Release|x86.ActiveCfg = Release|Win32
		{D35E7FC6-2EAD-4D92-AE2E-6F96347DE849}.Release|x86.Build.0 = Release|Win32
		{A5917F0A-4D3B-4AF3-A5BA-21AE4108273F}.Debug|x64.ActiveCfg = Debug|x64
		{A5917F0A-4D3B-4AF3-A5BA-21AE4108273F}.Debug|x64.Build.0 = Debug|x64
		{A5917F0A-4D3B-4AF3-A5BA-21AE4108273F}.Debug|x86.ActiveCfg = Debug|Win32
		{A5917F0A-4D3B-4AF3-A5BA-21AE4108273F}.Debug|x86.Build.0 = Debug|Win32
		{A5917F0A-4D3B-4AF3-A5BA-21AE4108273F}.Release|x64.ActiveCfg = Release|x64
		{A5917F0A-4D3B-4AF3-A5BA-21AE4108273F}.Release|x64.Build.0 = Release|x64
		{A5917F0A-4D3B-4AF3-A5BA-21AE4108273F}.Release|x86.ActiveCfg = Release|Win32
		{A5917F0A-4D3B-4AF3-A5BA-21AE4108273F}.Release|x86.Build.0 = Release|Win32
		{20B3FD6D-660F-4C75-941C-95FE27E0E352}.Debug|x64.ActiveCfg = Debug|x64
		{20B3FD6D-660F-4C75-941C-95FE27E0E352}.Debug|x64.Build.0 = Debug|x64
		{20B3FD6D-660F-4C75-941C-95FE27E0E352}.Debug|x86.ActiveCfg = Debug|Win32
		{20B3FD6D-660F-4C75-941C-95FE27E0E352}.Debug|x86.Build.0 = Debug|Win32
		{20B3FD6D-660F-4C75-941C-95FE27E0E352}.Release|x64.ActiveCfg = Release|x64
		{20B3FD6D-660F-4C75-941C-95FE27E0E352}.Release|x64.Build.0 = Release|x64
		{20B3FD6D-660F-4C75-941C-95FE27E0E352}.Release|x86.ActiveCfg = Release|Win32
		{20B3FD6D-660F-4C75-941C-95FE27E0E352}.Release|x86.Build.0 = Release|Win32
		{F63C155C-9E9B-4ECA-BD93-B28D8EF9122A}.Debug|x64.ActiveCfg = Debug|x64
		{F63C155C-9E9B-4ECA-BD93-B28D8EF9122A}.Debug|x64.Build.0 = Debug|x64
		{F63C155C-9E9B-4ECA-BD93-B28D8EF9122A}.Debug|x86.ActiveCfg = Debug|Win32
		{F63C155C-9E9B-4ECA-BD93-B28D8EF9122A}.Debug|x86.Build.0 = Debug|Win32
		{F63C155C-9E9B-4ECA-BD93-B28D8EF9122A}.Release|x64.ActiveCfg = Release|x64
		{F63C155C-9E9B-4ECA-BD93-B28D8EF9122A}.Release|x64.Build.0 = Release|x64
		{F63C155C-9E9B-4ECA-BD93-B28D8EF9122A}.Release|x86.ActiveCfg = Release|Win32
		{F63C155C-9E9B-4ECA-BD93-B28D8EF9122A}.Release|x86.Build.0 = Release|Win32
	EndGlobalSection
	GlobalSection(SolutionProperties) = preSolution
		HideSolutionNode = FALSE
	EndGlobalSection
	GlobalSection(NestedProjects) = preSolution
		{F212BD12-75A1-4135-8A86-DE7F5661B77C} = {F519CB3D-D724-481E-8E91-FFC5387EC133}
		{33CC7822-FCD0-4331-9A12-4837FA621E34} = {F519CB3D-D724-481E-8E91-FFC5387EC133}
		{0BB19E9C-8B8A-442C-8F07-D7AC1DB84B73} = {F519CB3D-D724-481E-8E91-FFC5387EC133}
		{D35E7FC6-2EAD-4D92-AE2E-6F96347DE849} = {F519CB3D-D724-481E-8E91-FFC5387EC133}
		{A5917F0A-4D3B-4AF3-A5BA-21AE4108273F} = {5E02496B-2A0E-40AD-9F22-C8FF4C6241E3}
		{20B3FD6D-660F-4C75-941C-95FE27E0E352} = {5E02496B-2A0E-40AD-9F22-C8FF4C6241E3}
		{F63C155C-9E9B-4ECA-BD93-B28D8EF9122A} = {5E02496B-2A0E-40AD-9F22-C8FF4C6241E3}
	EndGlobalSection
	GlobalSection(ExtensibilityGlobals) = postSolution
		SolutionGuid = {C8C855CF-63E1-446A-AE0D-E655672E8AEE}
	EndGlobalSection
EndGlobal
