
Microsoft Visual Studio Solution File, Format Version 12.00
# Visual Studio Version 17
VisualStudioVersion = 17.6.33829.357
MinimumVisualStudioVersion = 10.0.40219.1
Project("{8BC9CEB8-8B4A-11D0-8D11-00A0C91BC942}") = "OperationStateParent", "OperationStateParent\OperationStateParent.vcxproj", "{40888FAA-2CB6-4648-924B-8559A8B63E75}"
EndProject
Project("{8BC9CEB8-8B4A-11D0-8D11-00A0C91BC942}") = "OperationStateChild", "OperationStateChild\OperationStateChild.vcxproj", "{6D9F330F-EC41-4DB8-851B-E638F9444B5C}"
EndProject
Global
	GlobalSection(SolutionConfigurationPlatforms) = preSolution
		Debug|x64 = Debug|x64
		Debug|x86 = Debug|x86
		Release|x64 = Release|x64
		Release|x86 = Release|x86
	EndGlobalSection
	GlobalSection(ProjectConfigurationPlatforms) = postSolution
		{40888FAA-2CB6-4648-924B-8559A8B63E75}.Debug|x64.ActiveCfg = Debug|x64
		{40888FAA-2CB6-4648-924B-8559A8B63E75}.Debug|x64.Build.0 = Debug|x64
		{40888FAA-2CB6-4648-924B-8559A8B63E75}.Debug|x86.ActiveCfg = Debug|Win32
		{40888FAA-2CB6-4648-924B-8559A8B63E75}.Debug|x86.Build.0 = Debug|Win32
		{40888FAA-2CB6-4648-924B-8559A8B63E75}.Release|x64.ActiveCfg = Release|x64
		{40888FAA-2CB6-4648-924B-8559A8B63E75}.Release|x64.Build.0 = Release|x64
		{40888FAA-2CB6-4648-924B-8559A8B63E75}.Release|x86.ActiveCfg = Release|Win32
		{40888FAA-2CB6-4648-924B-8559A8B63E75}.Release|x86.Build.0 = Release|Win32
		{6D9F330F-EC41-4DB8-851B-E638F9444B5C}.Debug|x64.ActiveCfg = Debug|x64
		{6D9F330F-EC41-4DB8-851B-E638F9444B5C}.Debug|x64.Build.0 = Debug|x64
		{6D9F330F-EC41-4DB8-851B-E638F9444B5C}.Debug|x86.ActiveCfg = Debug|Win32
		{6D9F330F-EC41-4DB8-851B-E638F9444B5C}.Debug|x86.Build.0 = Debug|Win32
		{6D9F330F-EC41-4DB8-851B-E638F9444B5C}.Release|x64.ActiveCfg = Release|x64
		{6D9F330F-EC41-4DB8-851B-E638F9444B5C}.Release|x64.Build.0 = Release|x64
		{6D9F330F-EC41-4DB8-851B-E638F9444B5C}.Release|x86.ActiveCfg = Release|Win32
		{6D9F330F-EC41-4DB8-851B-E638F9444B5C}.Release|x86.Build.0 = Release|Win32
	EndGlobalSection
	GlobalSection(SolutionProperties) = preSolution
		HideSolutionNode = FALSE
	EndGlobalSection
	GlobalSection(ExtensibilityGlobals) = postSolution
		SolutionGuid = {A1D4D371-4C66-4441-9033-F786C48DADC7}
	EndGlobalSection
EndGlobal
