
Microsoft Visual Studio Solution File, Format Version 12.00
# Visual Studio Version 17
VisualStudioVersion = 17.7.34221.43
MinimumVisualStudioVersion = 10.0.40219.1
Project("{8BC9CEB8-8B4A-11D0-8D11-00A0C91BC942}") = "CountThread", "CountThread\CountThread.vcxproj", "{42325DEF-29B8-46BB-A1B1-3E2E87A92560}"
EndProject
Project("{8BC9CEB8-8B4A-11D0-8D11-00A0C91BC942}") = "ThreadAdderOne", "ThreadAdderOne\ThreadAdderOne.vcxproj", "{160B5BAE-FB38-4010-873B-188200A099DF}"
EndProject
Project("{8BC9CEB8-8B4A-11D0-8D11-00A0C91BC942}") = "ThreadAdderTwo", "ThreadAdderTwo\ThreadAdderTwo.vcxproj", "{15CA9A10-B079-4F62-8B20-639540CA0EEC}"
EndProject
Project("{8BC9CEB8-8B4A-11D0-8D11-00A0C91BC942}") = "strtok", "strtok\strtok.vcxproj", "{79F8CECE-4253-4DE3-82C4-51B54602DC08}"
EndProject
Project("{8BC9CEB8-8B4A-11D0-8D11-00A0C91BC942}") = "CountThreadMultiThread", "CountThreadMultiThread\CountThreadMultiThread.vcxproj", "{815FDC76-CD52-4471-8D84-6CEC79B57E4E}"
EndProject
Global
	GlobalSection(SolutionConfigurationPlatforms) = preSolution
		Debug|x64 = Debug|x64
		Debug|x86 = Debug|x86
		Release|x64 = Release|x64
		Release|x86 = Release|x86
	EndGlobalSection
	GlobalSection(ProjectConfigurationPlatforms) = postSolution
		{42325DEF-29B8-46BB-A1B1-3E2E87A92560}.Debug|x64.ActiveCfg = Debug|x64
		{42325DEF-29B8-46BB-A1B1-3E2E87A92560}.Debug|x64.Build.0 = Debug|x64
		{42325DEF-29B8-46BB-A1B1-3E2E87A92560}.Debug|x86.ActiveCfg = Debug|Win32
		{42325DEF-29B8-46BB-A1B1-3E2E87A92560}.Debug|x86.Build.0 = Debug|Win32
		{42325DEF-29B8-46BB-A1B1-3E2E87A92560}.Release|x64.ActiveCfg = Release|x64
		{42325DEF-29B8-46BB-A1B1-3E2E87A92560}.Release|x64.Build.0 = Release|x64
		{42325DEF-29B8-46BB-A1B1-3E2E87A92560}.Release|x86.ActiveCfg = Release|Win32
		{42325DEF-29B8-46BB-A1B1-3E2E87A92560}.Release|x86.Build.0 = Release|Win32
		{160B5BAE-FB38-4010-873B-188200A099DF}.Debug|x64.ActiveCfg = Debug|x64
		{160B5BAE-FB38-4010-873B-188200A099DF}.Debug|x64.Build.0 = Debug|x64
		{160B5BAE-FB38-4010-873B-188200A099DF}.Debug|x86.ActiveCfg = Debug|Win32
		{160B5BAE-FB38-4010-873B-188200A099DF}.Debug|x86.Build.0 = Debug|Win32
		{160B5BAE-FB38-4010-873B-188200A099DF}.Release|x64.ActiveCfg = Release|x64
		{160B5BAE-FB38-4010-873B-188200A099DF}.Release|x64.Build.0 = Release|x64
		{160B5BAE-FB38-4010-873B-188200A099DF}.Release|x86.ActiveCfg = Release|Win32
		{160B5BAE-FB38-4010-873B-188200A099DF}.Release|x86.Build.0 = Release|Win32
		{15CA9A10-B079-4F62-8B20-639540CA0EEC}.Debug|x64.ActiveCfg = Debug|x64
		{15CA9A10-B079-4F62-8B20-639540CA0EEC}.Debug|x64.Build.0 = Debug|x64
		{15CA9A10-B079-4F62-8B20-639540CA0EEC}.Debug|x86.ActiveCfg = Debug|Win32
		{15CA9A10-B079-4F62-8B20-639540CA0EEC}.Debug|x86.Build.0 = Debug|Win32
		{15CA9A10-B079-4F62-8B20-639540CA0EEC}.Release|x64.ActiveCfg = Release|x64
		{15CA9A10-B079-4F62-8B20-639540CA0EEC}.Release|x64.Build.0 = Release|x64
		{15CA9A10-B079-4F62-8B20-639540CA0EEC}.Release|x86.ActiveCfg = Release|Win32
		{15CA9A10-B079-4F62-8B20-639540CA0EEC}.Release|x86.Build.0 = Release|Win32
		{79F8CECE-4253-4DE3-82C4-51B54602DC08}.Debug|x64.ActiveCfg = Debug|x64
		{79F8CECE-4253-4DE3-82C4-51B54602DC08}.Debug|x64.Build.0 = Debug|x64
		{79F8CECE-4253-4DE3-82C4-51B54602DC08}.Debug|x86.ActiveCfg = Debug|Win32
		{79F8CECE-4253-4DE3-82C4-51B54602DC08}.Debug|x86.Build.0 = Debug|Win32
		{79F8CECE-4253-4DE3-82C4-51B54602DC08}.Release|x64.ActiveCfg = Release|x64
		{79F8CECE-4253-4DE3-82C4-51B54602DC08}.Release|x64.Build.0 = Release|x64
		{79F8CECE-4253-4DE3-82C4-51B54602DC08}.Release|x86.ActiveCfg = Release|Win32
		{79F8CECE-4253-4DE3-82C4-51B54602DC08}.Release|x86.Build.0 = Release|Win32
		{815FDC76-CD52-4471-8D84-6CEC79B57E4E}.Debug|x64.ActiveCfg = Debug|x64
		{815FDC76-CD52-4471-8D84-6CEC79B57E4E}.Debug|x64.Build.0 = Debug|x64
		{815FDC76-CD52-4471-8D84-6CEC79B57E4E}.Debug|x86.ActiveCfg = Debug|Win32
		{815FDC76-CD52-4471-8D84-6CEC79B57E4E}.Debug|x86.Build.0 = Debug|Win32
		{815FDC76-CD52-4471-8D84-6CEC79B57E4E}.Release|x64.ActiveCfg = Release|x64
		{815FDC76-CD52-4471-8D84-6CEC79B57E4E}.Release|x64.Build.0 = Release|x64
		{815FDC76-CD52-4471-8D84-6CEC79B57E4E}.Release|x86.ActiveCfg = Release|Win32
		{815FDC76-CD52-4471-8D84-6CEC79B57E4E}.Release|x86.Build.0 = Release|Win32
	EndGlobalSection
	GlobalSection(SolutionProperties) = preSolution
		HideSolutionNode = FALSE
	EndGlobalSection
	GlobalSection(ExtensibilityGlobals) = postSolution
		SolutionGuid = {66E2BBEE-D239-44E5-83F1-D64386EB3213}
	EndGlobalSection
EndGlobal
