
Microsoft Visual Studio Solution File, Format Version 12.00
# Visual Studio Version 17
VisualStudioVersion = 17.6.33829.357
MinimumVisualStudioVersion = 10.0.40219.1
Project("{8BC9CEB8-8B4A-11D0-8D11-00A0C91BC942}") = "WinSysDir", "WinSysDir\WinSysDir.vcxproj", "{62875568-7CC7-4519-BFB0-5247077467D4}"
EndProject
Project("{8BC9CEB8-8B4A-11D0-8D11-00A0C91BC942}") = "AdderProcess", "AdderProcess\AdderProcess.vcxproj", "{311DC674-2F88-45E1-8F00-236865F7576F}"
EndProject
Project("{8BC9CEB8-8B4A-11D0-8D11-00A0C91BC942}") = "CreateProcess", "CreateProcess\CreateProcess.vcxproj", "{DA7E4598-5B80-41EF-A276-C601AD12FA38}"
EndProject
Global
	GlobalSection(SolutionConfigurationPlatforms) = preSolution
		Debug|x64 = Debug|x64
		Debug|x86 = Debug|x86
		Release|x64 = Release|x64
		Release|x86 = Release|x86
	EndGlobalSection
	GlobalSection(ProjectConfigurationPlatforms) = postSolution
		{62875568-7CC7-4519-BFB0-5247077467D4}.Debug|x64.ActiveCfg = Release|x64
		{62875568-7CC7-4519-BFB0-5247077467D4}.Debug|x64.Build.0 = Release|x64
		{62875568-7CC7-4519-BFB0-5247077467D4}.Debug|x86.ActiveCfg = Debug|Win32
		{62875568-7CC7-4519-BFB0-5247077467D4}.Debug|x86.Build.0 = Debug|Win32
		{62875568-7CC7-4519-BFB0-5247077467D4}.Release|x64.ActiveCfg = Release|x64
		{62875568-7CC7-4519-BFB0-5247077467D4}.Release|x64.Build.0 = Release|x64
		{62875568-7CC7-4519-BFB0-5247077467D4}.Release|x86.ActiveCfg = Release|Win32
		{62875568-7CC7-4519-BFB0-5247077467D4}.Release|x86.Build.0 = Release|Win32
		{311DC674-2F88-45E1-8F00-236865F7576F}.Debug|x64.ActiveCfg = Release|x64
		{311DC674-2F88-45E1-8F00-236865F7576F}.Debug|x64.Build.0 = Release|x64
		{311DC674-2F88-45E1-8F00-236865F7576F}.Debug|x86.ActiveCfg = Debug|Win32
		{311DC674-2F88-45E1-8F00-236865F7576F}.Debug|x86.Build.0 = Debug|Win32
		{311DC674-2F88-45E1-8F00-236865F7576F}.Release|x64.ActiveCfg = Release|x64
		{311DC674-2F88-45E1-8F00-236865F7576F}.Release|x64.Build.0 = Release|x64
		{311DC674-2F88-45E1-8F00-236865F7576F}.Release|x86.ActiveCfg = Release|Win32
		{311DC674-2F88-45E1-8F00-236865F7576F}.Release|x86.Build.0 = Release|Win32
		{DA7E4598-5B80-41EF-A276-C601AD12FA38}.Debug|x64.ActiveCfg = Release|x64
		{DA7E4598-5B80-41EF-A276-C601AD12FA38}.Debug|x64.Build.0 = Release|x64
		{DA7E4598-5B80-41EF-A276-C601AD12FA38}.Debug|x86.ActiveCfg = Debug|Win32
		{DA7E4598-5B80-41EF-A276-C601AD12FA38}.Debug|x86.Build.0 = Debug|Win32
		{DA7E4598-5B80-41EF-A276-C601AD12FA38}.Release|x64.ActiveCfg = Release|x64
		{DA7E4598-5B80-41EF-A276-C601AD12FA38}.Release|x64.Build.0 = Release|x64
		{DA7E4598-5B80-41EF-A276-C601AD12FA38}.Release|x86.ActiveCfg = Release|Win32
		{DA7E4598-5B80-41EF-A276-C601AD12FA38}.Release|x86.Build.0 = Release|Win32
	EndGlobalSection
	GlobalSection(SolutionProperties) = preSolution
		HideSolutionNode = FALSE
	EndGlobalSection
	GlobalSection(ExtensibilityGlobals) = postSolution
		SolutionGuid = {D12EA045-50D9-4ECA-ACD1-7E753C35666A}
	EndGlobalSection
EndGlobal
